
Microsoft Visual Studio Solution File, Format Version 12.00
# Visual Studio 15
VisualStudioVersion = 15.0.28307.779
MinimumVisualStudioVersion = 10.0.40219.1
Project("{FAE04EC0-301F-11D3-BF4B-00C04F79EFBC}") = "StudentLineup", "StudentLineup\StudentLineup.csproj", "{3FD4CCF9-8B91-42A2-8530-0DBFB02D09DF}"
EndProject
Project("{FAE04EC0-301F-11D3-BF4B-00C04F79EFBC}") = "StudentLineUpTest", "StudentLineUpTest\StudentLineUpTest.csproj", "{6A625374-179F-4B02-ADCF-6D591FA6A03C}"
EndProject
Global
	GlobalSection(SolutionConfigurationPlatforms) = preSolution
		Debug|Any CPU = Debug|Any CPU
		Release|Any CPU = Release|Any CPU
	EndGlobalSection
	GlobalSection(ProjectConfigurationPlatforms) = postSolution
		{3FD4CCF9-8B91-42A2-8530-0DBFB02D09DF}.Debug|Any CPU.ActiveCfg = Debug|Any CPU
		{3FD4CCF9-8B91-42A2-8530-0DBFB02D09DF}.Debug|Any CPU.Build.0 = Debug|Any CPU
		{3FD4CCF9-8B91-42A2-8530-0DBFB02D09DF}.Release|Any CPU.ActiveCfg = Release|Any CPU
		{3FD4CCF9-8B91-42A2-8530-0DBFB02D09DF}.Release|Any CPU.Build.0 = Release|Any CPU
		{6A625374-179F-4B02-ADCF-6D591FA6A03C}.Debug|Any CPU.ActiveCfg = Debug|Any CPU
		{6A625374-179F-4B02-ADCF-6D591FA6A03C}.Debug|Any CPU.Build.0 = Debug|Any CPU
		{6A625374-179F-4B02-ADCF-6D591FA6A03C}.Release|Any CPU.ActiveCfg = Release|Any CPU
		{6A625374-179F-4B02-ADCF-6D591FA6A03C}.Release|Any CPU.Build.0 = Release|Any CPU
	EndGlobalSection
	GlobalSection(SolutionProperties) = preSolution
		HideSolutionNode = FALSE
	EndGlobalSection
	GlobalSection(ExtensibilityGlobals) = postSolution
		SolutionGuid = {27072961-23F5-4E92-B5A5-2319D1B6A97F}
	EndGlobalSection
EndGlobal
